# This file is generated by running "yarn install" inside your project.
# Manual changes might be lost - proceed with caution!

__metadata:
  version: 8
  cacheKey: 10c0

"@types/normalize-package-data@npm:^2.4.4":
  version: 2.4.4
  resolution: "@types/normalize-package-data@npm:2.4.4"
  checksum: 10c0/aef7bb9b015883d6f4119c423dd28c4bdc17b0e8a0ccf112c78b4fe0e91fbc4af7c6204b04bba0e199a57d2f3fbbd5b4a14bf8739bf9d2a39b2a0aad545e0f86
  languageName: node
  linkType: hard

"hosted-git-info@npm:^7.0.0":
  version: 7.0.2
  resolution: "hosted-git-info@npm:7.0.2"
  dependencies:
    lru-cache: "npm:^10.0.1"
  checksum: 10c0/b19dbd92d3c0b4b0f1513cf79b0fc189f54d6af2129eeb201de2e9baaa711f1936929c848b866d9c8667a0f956f34bf4f07418c12be1ee9ca74fd9246335ca1f
  languageName: node
  linkType: hard

"lru-cache@npm:^10.0.1":
  version: 10.4.3
  resolution: "lru-cache@npm:10.4.3"
  checksum: 10c0/ebd04fbca961e6c1d6c0af3799adcc966a1babe798f685bb84e6599266599cd95d94630b10262f5424539bc4640107e8a33aa28585374abf561d30d16f4b39fb
  languageName: node
  linkType: hard

"normalize-package-data@npm:6.0.2":
  version: 6.0.2
  resolution: "normalize-package-data@npm:6.0.2"
  dependencies:
    hosted-git-info: "npm:^7.0.0"
    semver: "npm:^7.3.5"
    validate-npm-package-license: "npm:^3.0.4"
  checksum: 10c0/7e32174e7f5575ede6d3d449593247183880122b4967d4ae6edb28cea5769ca025defda54fc91ec0e3c972fdb5ab11f9284606ba278826171b264cb16a9311ef
  languageName: node
  linkType: hard

"root-workspace-0b6124@workspace:.":
  version: 0.0.0-use.local
  resolution: "root-workspace-0b6124@workspace:."
  dependencies:
    "@types/normalize-package-data": "npm:^2.4.4"
    normalize-package-data: "npm:6.0.2"
  languageName: unknown
  linkType: soft

"semver@npm:^7.3.5":
  version: 7.7.1
  resolution: "semver@npm:7.7.1"
  bin:
    semver: bin/semver.js
  checksum: 10c0/fd603a6fb9c399c6054015433051bdbe7b99a940a8fb44b85c2b524c4004b023d7928d47cb22154f8d054ea7ee8597f586605e05b52047f048278e4ac56ae958
  languageName: node
  linkType: hard

"spdx-correct@npm:^3.0.0":
  version: 3.2.0
  resolution: "spdx-correct@npm:3.2.0"
  dependencies:
    spdx-expression-parse: "npm:^3.0.0"
    spdx-license-ids: "npm:^3.0.0"
  checksum: 10c0/49208f008618b9119208b0dadc9208a3a55053f4fd6a0ae8116861bd22696fc50f4142a35ebfdb389e05ccf2de8ad142573fefc9e26f670522d899f7b2fe7386
  languageName: node
  linkType: hard

"spdx-exceptions@npm:^2.1.0":
  version: 2.5.0
  resolution: "spdx-exceptions@npm:2.5.0"
  checksum: 10c0/37217b7762ee0ea0d8b7d0c29fd48b7e4dfb94096b109d6255b589c561f57da93bf4e328c0290046115961b9209a8051ad9f525e48d433082fc79f496a4ea940
  languageName: node
  linkType: hard

"spdx-expression-parse@npm:^3.0.0":
  version: 3.0.1
  resolution: "spdx-expression-parse@npm:3.0.1"
  dependencies:
    spdx-exceptions: "npm:^2.1.0"
    spdx-license-ids: "npm:^3.0.0"
  checksum: 10c0/6f8a41c87759fa184a58713b86c6a8b028250f158159f1d03ed9d1b6ee4d9eefdc74181c8ddc581a341aa971c3e7b79e30b59c23b05d2436d5de1c30bdef7171
  languageName: node
  linkType: hard

"spdx-license-ids@npm:^3.0.0":
  version: 3.0.21
  resolution: "spdx-license-ids@npm:3.0.21"
  checksum: 10c0/ecb24c698d8496aa9efe23e0b1f751f8a7a89faedcdfcbfabae772b546c2db46ccde8f3bc447a238eb86bbcd4f73fea88720ef3b8394f7896381bec3d7736411
  languageName: node
  linkType: hard

"validate-npm-package-license@npm:^3.0.4":
  version: 3.0.4
  resolution: "validate-npm-package-license@npm:3.0.4"
  dependencies:
    spdx-correct: "npm:^3.0.0"
    spdx-expression-parse: "npm:^3.0.0"
  checksum: 10c0/7b91e455a8de9a0beaa9fe961e536b677da7f48c9a493edf4d4d4a87fd80a7a10267d438723364e432c2fcd00b5650b5378275cded362383ef570276e6312f4f
  languageName: node
  linkType: hard
