# This file is generated by running "yarn install" inside your project.
# Manual changes might be lost - proceed with caution!

__metadata:
  version: 8
  cacheKey: 10c0

"ansi-regex@npm:^2.0.0":
  version: 2.1.1
  resolution: "ansi-regex@npm:2.1.1"
  checksum: 10c0/78cebaf50bce2cb96341a7230adf28d804611da3ce6bf338efa7b72f06cc6ff648e29f80cd95e582617ba58d5fdbec38abfeed3500a98bce8381a9daec7c548b
  languageName: node
  linkType: hard

"chalk@npm:^5.3.0":
  version: 5.3.0
  resolution: "chalk@npm:5.3.0"
  checksum: 10c0/8297d436b2c0f95801103ff2ef67268d362021b8210daf8ddbe349695333eb3610a71122172ff3b0272f1ef2cf7cc2c41fdaa4715f52e49ffe04c56340feed09
  languageName: node
  linkType: hard

"code-point-at@npm:^1.0.0":
  version: 1.1.0
  resolution: "code-point-at@npm:1.1.0"
  checksum: 10c0/33f6b234084e46e6e369b6f0b07949392651b4dde70fc6a592a8d3dafa08d5bb32e3981a02f31f6fc323a26bc03a4c063a9d56834848695bda7611c2417ea2e6
  languageName: node
  linkType: hard

"dev-dependency-with-dependencies@workspace:.":
  version: 0.0.0-use.local
  resolution: "dev-dependency-with-dependencies@workspace:."
  dependencies:
    chalk: "npm:^5.3.0"
    lodash-es: "npm:^4.17.21"
    string-width: "npm:1.0.0"
  languageName: unknown
  linkType: soft

"is-fullwidth-code-point@npm:^1.0.0":
  version: 1.0.0
  resolution: "is-fullwidth-code-point@npm:1.0.0"
  dependencies:
    number-is-nan: "npm:^1.0.0"
  checksum: 10c0/12acfcf16142f2d431bf6af25d68569d3198e81b9799b4ae41058247aafcc666b0127d64384ea28e67a746372611fcbe9b802f69175287aba466da3eddd5ba0f
  languageName: node
  linkType: hard

"lodash-es@npm:^4.17.21":
  version: 4.17.21
  resolution: "lodash-es@npm:4.17.21"
  checksum: 10c0/fb407355f7e6cd523a9383e76e6b455321f0f153a6c9625e21a8827d10c54c2a2341bd2ae8d034358b60e07325e1330c14c224ff582d04612a46a4f0479ff2f2
  languageName: node
  linkType: hard

"number-is-nan@npm:^1.0.0":
  version: 1.0.1
  resolution: "number-is-nan@npm:1.0.1"
  checksum: 10c0/cb97149006acc5cd512c13c1838223abdf202e76ddfa059c5e8e7507aff2c3a78cd19057516885a2f6f5b576543dc4f7b6f3c997cc7df53ae26c260855466df5
  languageName: node
  linkType: hard

"string-width@npm:1.0.0":
  version: 1.0.0
  resolution: "string-width@npm:1.0.0"
  dependencies:
    code-point-at: "npm:^1.0.0"
    is-fullwidth-code-point: "npm:^1.0.0"
    strip-ansi: "npm:^3.0.0"
  checksum: 10c0/1f3a465fcad9f097a1414516c5cadc0a2ab9d941f8a1c8783bb951bdac65a01ccfec5a0332af18e7ebe7c1a26a7a99722c529f1f5d3768b4eee005b846efb685
  languageName: node
  linkType: hard

"strip-ansi@npm:^3.0.0":
  version: 3.0.1
  resolution: "strip-ansi@npm:3.0.1"
  dependencies:
    ansi-regex: "npm:^2.0.0"
  checksum: 10c0/f6e7fbe8e700105dccf7102eae20e4f03477537c74b286fd22cfc970f139002ed6f0d9c10d0e21aa9ed9245e0fa3c9275930e8795c5b947da136e4ecb644a70f
  languageName: node
  linkType: hard
