# This file is generated by running "yarn install" inside your project.
# Manual changes might be lost - proceed with caution!

__metadata:
  version: 8
  cacheKey: 10c0

"@db-ui/base@npm:0.29.2":
  version: 0.29.2
  resolution: "@db-ui/base@npm:0.29.2"
  checksum: 10c0/a45f666d39f489cae7c3424ad6675873683a73e4b33367d6739ee964c9e7bb51d8741b29a79df8a90956e71d0634ec048739a227641e9398847028790a672df6
  languageName: node
  linkType: hard

"demo-gather-licenses@workspace:.":
  version: 0.0.0-use.local
  resolution: "demo-gather-licenses@workspace:."
  dependencies:
    "@db-ui/base": "npm:0.29.2"
  languageName: unknown
  linkType: soft
