# This file is generated by running "yarn install" inside your project.
# Manual changes might be lost - proceed with caution!

__metadata:
  version: 8
  cacheKey: 10

"demo-local-deps@workspace:.":
  version: 0.0.0-use.local
  resolution: "demo-local-deps@workspace:."
  dependencies:
    my-local-a: "portal:packages/my-local-a"
    my-noname: "portal:packages/my-noname"
  languageName: unknown
  linkType: soft

"my-local-a@portal:packages/my-local-a::locator=demo-local-deps%40workspace%3A.":
  version: 0.0.0-use.local
  resolution: "my-local-a@portal:packages/my-local-a::locator=demo-local-deps%40workspace%3A."
  dependencies:
    my-local-b-off: "portal:../my-local-b"
  languageName: node
  linkType: soft

"my-local-b-off@portal:../my-local-b::locator=my-local-a%40portal%3Apackages%2Fmy-local-a%3A%3Alocator%3Ddemo-local-deps%2540workspace%253A.":
  version: 0.0.0-use.local
  resolution: "my-local-b-off@portal:../my-local-b::locator=my-local-a%40portal%3Apackages%2Fmy-local-a%3A%3Alocator%3Ddemo-local-deps%2540workspace%253A."
  languageName: node
  linkType: soft

"my-noname@portal:packages/my-noname::locator=demo-local-deps%40workspace%3A.":
  version: 0.0.0-use.local
  resolution: "my-noname@portal:packages/my-noname::locator=demo-local-deps%40workspace%3A."
  languageName: node
  linkType: soft
