# This file is generated by running "yarn install" inside your project.
# Manual changes might be lost - proceed with caution!

__metadata:
  version: 8
  cacheKey: 10c0

"@act/act@jsr:^0.1.3":
  version: 0.1.3
  resolution: "@act/act@jsr:0.1.3::__archiveUrl=https%3A%2F%2Fnpm.jsr.io%2F~%2F11%2F%40jsr%2Fact__act%2F0.1.3.tgz"
  checksum: 10c0/a5d31fcb463403c5fef9c70dd620ad50ade928c221d915aa81e3e7aac469070e5fe668795da67b22c8f2a27c74858e547ca18770c20e500d055c440e66b78452
  languageName: node
  linkType: hard

"@act/act@npm:@jsr/act__act@^0.1.3":
  version: 0.1.3
  resolution: "@jsr/act__act@npm:0.1.3::__archiveUrl=https%3A%2F%2Fnpm.jsr.io%2F~%2F11%2F%40jsr%2Fact__act%2F0.1.3.tgz"
  checksum: 10c0/a5d31fcb463403c5fef9c70dd620ad50ade928c221d915aa81e3e7aac469070e5fe668795da67b22c8f2a27c74858e547ca18770c20e500d055c440e66b78452
  languageName: node
  linkType: hard

"jsr-protocol-dependency@workspace:.":
  version: 0.0.0-use.local
  resolution: "jsr-protocol-dependency@workspace:."
  dependencies:
    "@act/act": "jsr:^0.1.3"
  languageName: unknown
  linkType: soft
