# This file is generated by running "yarn install" inside your project.
# Manual changes might be lost - proceed with caution!

__metadata:
  version: 8
  cacheKey: 10c0

"@types/node@npm:>=16":
  version: 20.11.30
  resolution: "@types/node@npm:20.11.30"
  dependencies:
    undici-types: "npm:~5.26.4"
  checksum: 10c0/867cfaf969c6d8850d8d7304e7ab739898a50ecb1395b61ff2335644f5f48d7a46fbc4a14cee967aed65ec134b61a746edae70d1f32f11321ccf29165e3bc4e6
  languageName: node
  linkType: hard

"@types/uuid@npm:8.3.4, @types/uuid@npm:^8":
  version: 8.3.4
  resolution: "@types/uuid@npm:8.3.4"
  checksum: 10c0/b9ac98f82fcf35962317ef7dc44d9ac9e0f6fdb68121d384c88fe12ea318487d5585d3480fa003cf28be86a3bbe213ca688ba786601dce4a97724765eb5b1cf2
  languageName: node
  linkType: hard

"demo-dev-dependencies@workspace:.":
  version: 0.0.0-use.local
  resolution: "demo-dev-dependencies@workspace:."
  dependencies:
    "@types/node": "npm:>=16"
    "@types/uuid": "npm:^8"
    uuid: "npm:^8"
    uuidv4: "npm:^6.2.13"
  dependenciesMeta:
    uuidv4:
      optional: true
  languageName: unknown
  linkType: soft

"undici-types@npm:~5.26.4":
  version: 5.26.5
  resolution: "undici-types@npm:5.26.5"
  checksum: 10c0/bb673d7876c2d411b6eb6c560e0c571eef4a01c1c19925175d16e3a30c4c428181fb8d7ae802a261f283e4166a0ac435e2f505743aa9e45d893f9a3df017b501
  languageName: node
  linkType: hard

"uuid@npm:8.3.2, uuid@npm:^8":
  version: 8.3.2
  resolution: "uuid@npm:8.3.2"
  bin:
    uuid: dist/bin/uuid
  checksum: 10c0/bcbb807a917d374a49f475fae2e87fdca7da5e5530820ef53f65ba1d12131bd81a92ecf259cc7ce317cbe0f289e7d79fdfebcef9bfa3087c8c8a2fa304c9be54
  languageName: node
  linkType: hard

"uuidv4@npm:^6.2.13":
  version: 6.2.13
  resolution: "uuidv4@npm:6.2.13"
  dependencies:
    "@types/uuid": "npm:8.3.4"
    uuid: "npm:8.3.2"
  checksum: 10c0/33287c7c71e19c5a9fe0d936c0df648338965442c80b5b26e51c13ec9a9c524a72c718355e0cea8a9431a78680d72a41a236b87046ecc0a05f518c8e22df9e35
  languageName: node
  linkType: hard
