# This file is generated by running "yarn install" inside your project.
# Manual changes might be lost - proceed with caution!

__metadata:
  version: 8
  cacheKey: 10

"@types/node@npm:>=16":
  version: 20.11.30
  resolution: "@types/node@npm:20.11.30"
  dependencies:
    undici-types: "npm:~5.26.4"
  checksum: 10/78515bc768d2b878e2e06a1c20eb4f5840072b79b8d28ff3dd0a7feaaf48fd3a2ac03cfa5bc7564da82db5906b43e9ba0e5df9f43d870b7aae2942306e208815
  languageName: node
  linkType: hard

"@types/uuid@npm:8.3.4, @types/uuid@npm:^8":
  version: 8.3.4
  resolution: "@types/uuid@npm:8.3.4"
  checksum: 10/6f11f3ff70f30210edaa8071422d405e9c1d4e53abbe50fdce365150d3c698fe7bbff65c1e71ae080cbfb8fded860dbb5e174da96fdbbdfcaa3fb3daa474d20f
  languageName: node
  linkType: hard

"demo-dev-dependencies@workspace:.":
  version: 0.0.0-use.local
  resolution: "demo-dev-dependencies@workspace:."
  dependencies:
    "@types/node": "npm:>=16"
    "@types/uuid": "npm:^8"
    uuid: "npm:^8"
    uuidv4: "npm:^6.2.13"
  dependenciesMeta:
    uuidv4:
      optional: true
  languageName: unknown
  linkType: soft

"undici-types@npm:~5.26.4":
  version: 5.26.5
  resolution: "undici-types@npm:5.26.5"
  checksum: 10/0097779d94bc0fd26f0418b3a05472410408877279141ded2bd449167be1aed7ea5b76f756562cb3586a07f251b90799bab22d9019ceba49c037c76445f7cddd
  languageName: node
  linkType: hard

"uuid@npm:8.3.2, uuid@npm:^8":
  version: 8.3.2
  resolution: "uuid@npm:8.3.2"
  bin:
    uuid: dist/bin/uuid
  checksum: 10/9a5f7aa1d6f56dd1e8d5f2478f855f25c645e64e26e347a98e98d95781d5ed20062d6cca2eecb58ba7c84bc3910be95c0451ef4161906abaab44f9cb68ffbdd1
  languageName: node
  linkType: hard

"uuidv4@npm:^6.2.13":
  version: 6.2.13
  resolution: "uuidv4@npm:6.2.13"
  dependencies:
    "@types/uuid": "npm:8.3.4"
    uuid: "npm:8.3.2"
  checksum: 10/f2eab0c2030273426792703c97e0c72f2a1f20c7f2e1f2539b26cfbd06d229d91598bec62d76bc40a02e20b4d57d7fb6894f09e6a9fd397d6e48ca1f9c26d865
  languageName: node
  linkType: hard
