# This file is generated by running "yarn install" inside your project.
# Manual changes might be lost - proceed with caution!

__metadata:
  version: 6
  cacheKey: 8

"@types/node@npm:>=16":
  version: 20.11.30
  resolution: "@types/node@npm:20.11.30"
  dependencies:
    undici-types: "npm:~5.26.4"
  checksum: 7597767aa3e44b0f1bf62efa522dd17741135f283c11de6a20ead8bb7016fb4999cc30adcd8f2bb29ebb216906c92894346ccd187de170927dc1e212d2c07c81
  languageName: node
  linkType: hard

"@types/uuid@npm:8.3.4, @types/uuid@npm:^8":
  version: 8.3.4
  resolution: "@types/uuid@npm:8.3.4"
  checksum: 6f11f3ff70f30210edaa8071422d405e9c1d4e53abbe50fdce365150d3c698fe7bbff65c1e71ae080cbfb8fded860dbb5e174da96fdbbdfcaa3fb3daa474d20f
  languageName: node
  linkType: hard

"demo-dev-dependencies@workspace:.":
  version: 0.0.0-use.local
  resolution: "demo-dev-dependencies@workspace:."
  dependencies:
    "@types/node": ">=16"
    "@types/uuid": ^8
    uuid: ^8
    uuidv4: ^6.2.13
  dependenciesMeta:
    uuidv4:
      optional: true
  languageName: unknown
  linkType: soft

"undici-types@npm:~5.26.4":
  version: 5.26.5
  resolution: "undici-types@npm:5.26.5"
  checksum: 3192ef6f3fd5df652f2dc1cd782b49d6ff14dc98e5dced492aa8a8c65425227da5da6aafe22523c67f035a272c599bb89cfe803c1db6311e44bed3042fc25487
  languageName: node
  linkType: hard

"uuid@npm:8.3.2, uuid@npm:^8":
  version: 8.3.2
  resolution: "uuid@npm:8.3.2"
  bin:
    uuid: dist/bin/uuid
  checksum: 5575a8a75c13120e2f10e6ddc801b2c7ed7d8f3c8ac22c7ed0c7b2ba6383ec0abda88c905085d630e251719e0777045ae3236f04c812184b7c765f63a70e58df
  languageName: node
  linkType: hard

"uuidv4@npm:^6.2.13":
  version: 6.2.13
  resolution: "uuidv4@npm:6.2.13"
  dependencies:
    "@types/uuid": "npm:8.3.4"
    uuid: "npm:8.3.2"
  checksum: 25b3ce1d5860c7fb2232270f20d36c320e52817356cc0dfc88610965e6faced3e7050b3628be08ed08092dffc099288ed24ac0404a2869d59963a2be1939f476
  languageName: node
  linkType: hard
