# This file is generated by running "yarn install" inside your project.
# Manual changes might be lost - proceed with caution!

__metadata:
  version: 8
  cacheKey: 10

"ansi-regex@npm:^2.0.0":
  version: 2.1.1
  resolution: "ansi-regex@npm:2.1.1"
  checksum: 10/190abd03e4ff86794f338a31795d262c1dfe8c91f7e01d04f13f646f1dcb16c5800818f886047876f1272f065570ab86b24b99089f8b68a0e11ff19aed4ca8f1
  languageName: node
  linkType: hard

"bundle-dependencies@npm:1.0.2":
  version: 1.0.2
  resolution: "bundle-dependencies@npm:1.0.2"
  dependencies:
    yargs: "npm:^4.1.0"
  bin:
    bundle-dependencies: ./dist/bin/index.js
  checksum: 10/0cf08f5306b209af083be1b456d9fab0b7f83de7e55d7c6b1a962b99f5ddf4a8266170efdec0c4d1eaeb586ccbb10c20648c6b8d3bcc1b6be627c6309992c467
  languageName: node
  linkType: hard

"camelcase@npm:^3.0.0":
  version: 3.0.0
  resolution: "camelcase@npm:3.0.0"
  checksum: 10/ae4fe1c17c8442a3a345a6b7d2393f028ab7a7601af0c352ad15d1ab97ca75112e19e29c942b2a214898e160194829b68923bce30e018d62149c6d84187f1673
  languageName: node
  linkType: hard

"cliui@npm:^3.2.0":
  version: 3.2.0
  resolution: "cliui@npm:3.2.0"
  dependencies:
    string-width: "npm:^1.0.1"
    strip-ansi: "npm:^3.0.1"
    wrap-ansi: "npm:^2.0.0"
  checksum: 10/a8acc1a2e5f6307bb3200738a55b353ae5ca13d7a9a8001e40bdf2449c228104daf245e29cdfe60652ffafc3e70096fc1624cd9cf8651bb322903dbbb22a4ac3
  languageName: node
  linkType: hard

"code-point-at@npm:^1.0.0":
  version: 1.1.0
  resolution: "code-point-at@npm:1.1.0"
  checksum: 10/17d5666611f9b16d64fdf48176d9b7fb1c7d1c1607a189f7e600040a11a6616982876af148230336adb7d8fe728a559f743a4e29db3747e3b1a32fa7f4529681
  languageName: node
  linkType: hard

"decamelize@npm:^1.1.1":
  version: 1.2.0
  resolution: "decamelize@npm:1.2.0"
  checksum: 10/ad8c51a7e7e0720c70ec2eeb1163b66da03e7616d7b98c9ef43cce2416395e84c1e9548dd94f5f6ffecfee9f8b94251fc57121a8b021f2ff2469b2bae247b8aa
  languageName: node
  linkType: hard

"demo-bundled-deps@workspace:.":
  version: 0.0.0-use.local
  resolution: "demo-bundled-deps@workspace:."
  dependencies:
    bundle-dependencies: "npm:1.0.2"
  languageName: unknown
  linkType: soft

"error-ex@npm:^1.2.0":
  version: 1.3.2
  resolution: "error-ex@npm:1.3.2"
  dependencies:
    is-arrayish: "npm:^0.2.1"
  checksum: 10/d547740aa29c34e753fb6fed2c5de81802438529c12b3673bd37b6bb1fe49b9b7abdc3c11e6062fe625d8a296b3cf769a80f878865e25e685f787763eede3ffb
  languageName: node
  linkType: hard

"find-up@npm:^1.0.0":
  version: 1.1.2
  resolution: "find-up@npm:1.1.2"
  dependencies:
    path-exists: "npm:^2.0.0"
    pinkie-promise: "npm:^2.0.0"
  checksum: 10/a2cb9f4c9f06ee3a1e92ed71d5aed41ac8ae30aefa568132f6c556fac7678a5035126153b59eaec68da78ac409eef02503b2b059706bdbf232668d7245e3240a
  languageName: node
  linkType: hard

"function-bind@npm:^1.1.2":
  version: 1.1.2
  resolution: "function-bind@npm:1.1.2"
  checksum: 10/185e20d20f10c8d661d59aac0f3b63b31132d492e1b11fcc2a93cb2c47257ebaee7407c38513efd2b35cafdf972d9beb2ea4593c1e0f3bf8f2744836928d7454
  languageName: node
  linkType: hard

"get-caller-file@npm:^1.0.1":
  version: 1.0.3
  resolution: "get-caller-file@npm:1.0.3"
  checksum: 10/0b776558c1d94ac131ec0d47bf9da4e00a38e7d3a6cbde534e0e4656c13ead344e69ef7ed2c0bca16620cc2e1e26529f90e2336c8962736517b64890d583a2a0
  languageName: node
  linkType: hard

"graceful-fs@npm:^4.1.2":
  version: 4.2.11
  resolution: "graceful-fs@npm:4.2.11"
  checksum: 10/bf152d0ed1dc159239db1ba1f74fdbc40cb02f626770dcd5815c427ce0688c2635a06ed69af364396da4636d0408fcf7d4afdf7881724c3307e46aff30ca49e2
  languageName: node
  linkType: hard

"hasown@npm:^2.0.0":
  version: 2.0.2
  resolution: "hasown@npm:2.0.2"
  dependencies:
    function-bind: "npm:^1.1.2"
  checksum: 10/7898a9c1788b2862cf0f9c345a6bec77ba4a0c0983c7f19d610c382343d4f98fa260686b225dfb1f88393a66679d2ec58ee310c1d6868c081eda7918f32cc70a
  languageName: node
  linkType: hard

"hosted-git-info@npm:^2.1.4":
  version: 2.8.9
  resolution: "hosted-git-info@npm:2.8.9"
  checksum: 10/96da7d412303704af41c3819207a09ea2cab2de97951db4cf336bb8bce8d8e36b9a6821036ad2e55e67d3be0af8f967a7b57981203fbfb88bc05cd803407b8c3
  languageName: node
  linkType: hard

"invert-kv@npm:^1.0.0":
  version: 1.0.0
  resolution: "invert-kv@npm:1.0.0"
  checksum: 10/0820af99ca21818fa4a78815a8d06cf621a831306a5db57d7558234624b4891a89bb19a95fc3a868db4e754384c0ee38b70a00b75d81a0a46ee3937184a7cf6d
  languageName: node
  linkType: hard

"is-arrayish@npm:^0.2.1":
  version: 0.2.1
  resolution: "is-arrayish@npm:0.2.1"
  checksum: 10/73ced84fa35e59e2c57da2d01e12cd01479f381d7f122ce41dcbb713f09dbfc651315832cd2bf8accba7681a69e4d6f1e03941d94dd10040d415086360e7005e
  languageName: node
  linkType: hard

"is-core-module@npm:^2.13.0":
  version: 2.13.1
  resolution: "is-core-module@npm:2.13.1"
  dependencies:
    hasown: "npm:^2.0.0"
  checksum: 10/d53bd0cc24b0a0351fb4b206ee3908f71b9bbf1c47e9c9e14e5f06d292af1663704d2abd7e67700d6487b2b7864e0d0f6f10a1edf1892864bdffcb197d1845a2
  languageName: node
  linkType: hard

"is-fullwidth-code-point@npm:^1.0.0":
  version: 1.0.0
  resolution: "is-fullwidth-code-point@npm:1.0.0"
  dependencies:
    number-is-nan: "npm:^1.0.0"
  checksum: 10/4d46a7465a66a8aebcc5340d3b63a56602133874af576a9ca42c6f0f4bd787a743605771c5f246db77da96605fefeffb65fc1dbe862dcc7328f4b4d03edf5a57
  languageName: node
  linkType: hard

"is-utf8@npm:^0.2.0":
  version: 0.2.1
  resolution: "is-utf8@npm:0.2.1"
  checksum: 10/167ccd2be869fc228cc62c1a28df4b78c6b5485d15a29027d3b5dceb09b383e86a3522008b56dcac14b592b22f0a224388718c2505027a994fd8471465de54b3
  languageName: node
  linkType: hard

"lcid@npm:^1.0.0":
  version: 1.0.0
  resolution: "lcid@npm:1.0.0"
  dependencies:
    invert-kv: "npm:^1.0.0"
  checksum: 10/e8c7a4db07663068c5c44b650938a2bc41aa992037eebb69376214320f202c1250e70b50c32f939e28345fd30c2d35b8e8cd9a19d5932c398246a864ce54843d
  languageName: node
  linkType: hard

"load-json-file@npm:^1.0.0":
  version: 1.1.0
  resolution: "load-json-file@npm:1.1.0"
  dependencies:
    graceful-fs: "npm:^4.1.2"
    parse-json: "npm:^2.2.0"
    pify: "npm:^2.0.0"
    pinkie-promise: "npm:^2.0.0"
    strip-bom: "npm:^2.0.0"
  checksum: 10/bb16e169d87df38806f5ffa7efa3287921839fdfee2c20c8525f53b53ba43d14b56b6881901c04190f7da4a4ba6e0c9784d212e83ee3a32d49bb986b5a6094cb
  languageName: node
  linkType: hard

"lodash.assign@npm:^4.0.3, lodash.assign@npm:^4.0.6":
  version: 4.2.0
  resolution: "lodash.assign@npm:4.2.0"
  checksum: 10/2571d0d487375d5882ece0d94bf18807b6d9d1722ad77a84c220f27fabb6cf3e4f9109183317c95b0cb0d42dae6c2cad453a31d50c9cdcd102b3bbf1b78b1ea7
  languageName: node
  linkType: hard

"normalize-package-data@npm:^2.3.2":
  version: 2.5.0
  resolution: "normalize-package-data@npm:2.5.0"
  dependencies:
    hosted-git-info: "npm:^2.1.4"
    resolve: "npm:^1.10.0"
    semver: "npm:2 || 3 || 4 || 5"
    validate-npm-package-license: "npm:^3.0.1"
  checksum: 10/644f830a8bb9b7cc9bf2f6150618727659ee27cdd0840d1c1f97e8e6cab0803a098a2c19f31c6247ad9d3a0792e61521a13a6e8cd87cc6bb676e3150612c03d4
  languageName: node
  linkType: hard

"number-is-nan@npm:^1.0.0":
  version: 1.0.1
  resolution: "number-is-nan@npm:1.0.1"
  checksum: 10/13656bc9aa771b96cef209ffca31c31a03b507ca6862ba7c3f638a283560620d723d52e626d57892c7fff475f4c36ac07f0600f14544692ff595abff214b9ffb
  languageName: node
  linkType: hard

"os-locale@npm:^1.4.0":
  version: 1.4.0
  resolution: "os-locale@npm:1.4.0"
  dependencies:
    lcid: "npm:^1.0.0"
  checksum: 10/0161a1b6b5a8492f99f4b47fe465df9fc521c55ba5414fce6444c45e2500487b8ed5b40a47a98a2363fe83ff04ab033785300ed8df717255ec4c3b625e55b1fb
  languageName: node
  linkType: hard

"parse-json@npm:^2.2.0":
  version: 2.2.0
  resolution: "parse-json@npm:2.2.0"
  dependencies:
    error-ex: "npm:^1.2.0"
  checksum: 10/39924c0ddbf6f2544ab92acea61d91a0fb0ac959b0d19d273468cf8aa977522f8076e8fbb29cdab75c1440ebc2e172389988274890373d95fe308837074cc7e0
  languageName: node
  linkType: hard

"path-exists@npm:^2.0.0":
  version: 2.1.0
  resolution: "path-exists@npm:2.1.0"
  dependencies:
    pinkie-promise: "npm:^2.0.0"
  checksum: 10/fdb734f1d00f225f7a0033ce6d73bff6a7f76ea08936abf0e5196fa6e54a645103538cd8aedcb90d6d8c3fa3705ded0c58a4da5948ae92aa8834892c1ab44a84
  languageName: node
  linkType: hard

"path-parse@npm:^1.0.7":
  version: 1.0.7
  resolution: "path-parse@npm:1.0.7"
  checksum: 10/49abf3d81115642938a8700ec580da6e830dde670be21893c62f4e10bd7dd4c3742ddc603fe24f898cba7eb0c6bc1777f8d9ac14185d34540c6d4d80cd9cae8a
  languageName: node
  linkType: hard

"path-type@npm:^1.0.0":
  version: 1.1.0
  resolution: "path-type@npm:1.1.0"
  dependencies:
    graceful-fs: "npm:^4.1.2"
    pify: "npm:^2.0.0"
    pinkie-promise: "npm:^2.0.0"
  checksum: 10/59a4b2c0e566baf4db3021a1ed4ec09a8b36fca960a490b54a6bcefdb9987dafe772852982b6011cd09579478a96e57960a01f75fa78a794192853c9d468fc79
  languageName: node
  linkType: hard

"pify@npm:^2.0.0":
  version: 2.3.0
  resolution: "pify@npm:2.3.0"
  checksum: 10/9503aaeaf4577acc58642ad1d25c45c6d90288596238fb68f82811c08104c800e5a7870398e9f015d82b44ecbcbef3dc3d4251a1cbb582f6e5959fe09884b2ba
  languageName: node
  linkType: hard

"pinkie-promise@npm:^2.0.0":
  version: 2.0.1
  resolution: "pinkie-promise@npm:2.0.1"
  dependencies:
    pinkie: "npm:^2.0.0"
  checksum: 10/b53a4a2e73bf56b6f421eef711e7bdcb693d6abb474d57c5c413b809f654ba5ee750c6a96dd7225052d4b96c4d053cdcb34b708a86fceed4663303abee52fcca
  languageName: node
  linkType: hard

"pinkie@npm:^2.0.0":
  version: 2.0.4
  resolution: "pinkie@npm:2.0.4"
  checksum: 10/11d207257a044d1047c3755374d36d84dda883a44d030fe98216bf0ea97da05a5c9d64e82495387edeb9ee4f52c455bca97cdb97629932be65e6f54b29f5aec8
  languageName: node
  linkType: hard

"read-pkg-up@npm:^1.0.1":
  version: 1.0.1
  resolution: "read-pkg-up@npm:1.0.1"
  dependencies:
    find-up: "npm:^1.0.0"
    read-pkg: "npm:^1.0.0"
  checksum: 10/d18399a0f46e2da32beb2f041edd0cda49d2f2cc30195a05c759ef3ed9b5e6e19ba1ad1bae2362bdec8c6a9f2c3d18f4d5e8c369e808b03d498d5781cb9122c7
  languageName: node
  linkType: hard

"read-pkg@npm:^1.0.0":
  version: 1.1.0
  resolution: "read-pkg@npm:1.1.0"
  dependencies:
    load-json-file: "npm:^1.0.0"
    normalize-package-data: "npm:^2.3.2"
    path-type: "npm:^1.0.0"
  checksum: 10/a0f5d5e32227ec8e6a028dd5c5134eab229768dcb7a5d9a41a284ed28ad4b9284fecc47383dc1593b5694f4de603a7ffaee84b738956b9b77e0999567485a366
  languageName: node
  linkType: hard

"require-directory@npm:^2.1.1":
  version: 2.1.1
  resolution: "require-directory@npm:2.1.1"
  checksum: 10/a72468e2589270d91f06c7d36ec97a88db53ae5d6fe3787fadc943f0b0276b10347f89b363b2a82285f650bdcc135ad4a257c61bdd4d00d6df1fa24875b0ddaf
  languageName: node
  linkType: hard

"require-main-filename@npm:^1.0.1":
  version: 1.0.1
  resolution: "require-main-filename@npm:1.0.1"
  checksum: 10/49e4586207c138dabe885cffb9484f3f4583fc839851cd6705466eb343d8bb6af7dfa3d8e611fbd44d40441d4cddaadb34b4d537092b92adafa6a6f440dc1da8
  languageName: node
  linkType: hard

"resolve@npm:^1.10.0":
  version: 1.22.8
  resolution: "resolve@npm:1.22.8"
  dependencies:
    is-core-module: "npm:^2.13.0"
    path-parse: "npm:^1.0.7"
    supports-preserve-symlinks-flag: "npm:^1.0.0"
  bin:
    resolve: bin/resolve
  checksum: 10/c473506ee01eb45cbcfefb68652ae5759e092e6b0fb64547feadf9736a6394f258fbc6f88e00c5ca36d5477fbb65388b272432a3600fa223062e54333c156753
  languageName: node
  linkType: hard

"resolve@patch:resolve@npm%3A^1.10.0#optional!builtin<compat/resolve>":
  version: 1.22.8
  resolution: "resolve@patch:resolve@npm%3A1.22.8#optional!builtin<compat/resolve>::version=1.22.8&hash=c3c19d"
  dependencies:
    is-core-module: "npm:^2.13.0"
    path-parse: "npm:^1.0.7"
    supports-preserve-symlinks-flag: "npm:^1.0.0"
  bin:
    resolve: bin/resolve
  checksum: 10/f345cd37f56a2c0275e3fe062517c650bb673815d885e7507566df589375d165bbbf4bdb6aa95600a9bc55f4744b81f452b5a63f95b9f10a72787dba3c90890a
  languageName: node
  linkType: hard

"semver@npm:2 || 3 || 4 || 5":
  version: 5.7.2
  resolution: "semver@npm:5.7.2"
  bin:
    semver: bin/semver
  checksum: 10/fca14418a174d4b4ef1fecb32c5941e3412d52a4d3d85165924ce3a47fbc7073372c26faf7484ceb4bbc2bde25880c6b97e492473dc7e9708fdfb1c6a02d546e
  languageName: node
  linkType: hard

"set-blocking@npm:^2.0.0":
  version: 2.0.0
  resolution: "set-blocking@npm:2.0.0"
  checksum: 10/8980ebf7ae9eb945bb036b6e283c547ee783a1ad557a82babf758a065e2fb6ea337fd82cac30dd565c1e606e423f30024a19fff7afbf4977d784720c4026a8ef
  languageName: node
  linkType: hard

"spdx-correct@npm:^3.0.0":
  version: 3.2.0
  resolution: "spdx-correct@npm:3.2.0"
  dependencies:
    spdx-expression-parse: "npm:^3.0.0"
    spdx-license-ids: "npm:^3.0.0"
  checksum: 10/cc2e4dbef822f6d12142116557d63f5facf3300e92a6bd24e907e4865e17b7e1abd0ee6b67f305cae6790fc2194175a24dc394bfcc01eea84e2bdad728e9ae9a
  languageName: node
  linkType: hard

"spdx-exceptions@npm:^2.1.0":
  version: 2.5.0
  resolution: "spdx-exceptions@npm:2.5.0"
  checksum: 10/bb127d6e2532de65b912f7c99fc66097cdea7d64c10d3ec9b5e96524dbbd7d20e01cba818a6ddb2ae75e62bb0c63d5e277a7e555a85cbc8ab40044984fa4ae15
  languageName: node
  linkType: hard

"spdx-expression-parse@npm:^3.0.0":
  version: 3.0.1
  resolution: "spdx-expression-parse@npm:3.0.1"
  dependencies:
    spdx-exceptions: "npm:^2.1.0"
    spdx-license-ids: "npm:^3.0.0"
  checksum: 10/a1c6e104a2cbada7a593eaa9f430bd5e148ef5290d4c0409899855ce8b1c39652bcc88a725259491a82601159d6dc790bedefc9016c7472f7de8de7361f8ccde
  languageName: node
  linkType: hard

"spdx-license-ids@npm:^3.0.0":
  version: 3.0.17
  resolution: "spdx-license-ids@npm:3.0.17"
  checksum: 10/8f6c6ae02ebb25b4ca658b8990d9e8a8f8d8a95e1d8b9fd84d87eed80a7dc8f8073d6a8d50b8a0295c0e8399e1f8814f5c00e2985e6bf3731540a16f7241cbf1
  languageName: node
  linkType: hard

"string-width@npm:^1.0.1":
  version: 1.0.2
  resolution: "string-width@npm:1.0.2"
  dependencies:
    code-point-at: "npm:^1.0.0"
    is-fullwidth-code-point: "npm:^1.0.0"
    strip-ansi: "npm:^3.0.0"
  checksum: 10/5c79439e95bc3bd7233a332c5f5926ab2ee90b23816ed4faa380ce3b2576d7800b0a5bb15ae88ed28737acc7ea06a518c2eef39142dd727adad0e45c776cd37e
  languageName: node
  linkType: hard

"strip-ansi@npm:^3.0.0, strip-ansi@npm:^3.0.1":
  version: 3.0.1
  resolution: "strip-ansi@npm:3.0.1"
  dependencies:
    ansi-regex: "npm:^2.0.0"
  checksum: 10/9b974de611ce5075c70629c00fa98c46144043db92ae17748fb780f706f7a789e9989fd10597b7c2053ae8d1513fd707816a91f1879b2f71e6ac0b6a863db465
  languageName: node
  linkType: hard

"strip-bom@npm:^2.0.0":
  version: 2.0.0
  resolution: "strip-bom@npm:2.0.0"
  dependencies:
    is-utf8: "npm:^0.2.0"
  checksum: 10/08efb746bc67b10814cd03d79eb31bac633393a782e3f35efbc1b61b5165d3806d03332a97f362822cf0d4dd14ba2e12707fcff44fe1c870c48a063a0c9e4944
  languageName: node
  linkType: hard

"supports-preserve-symlinks-flag@npm:^1.0.0":
  version: 1.0.0
  resolution: "supports-preserve-symlinks-flag@npm:1.0.0"
  checksum: 10/a9dc19ae2220c952bd2231d08ddeecb1b0328b61e72071ff4000c8384e145cc07c1c0bdb3b5a1cb06e186a7b2790f1dee793418b332f6ddf320de25d9125be7e
  languageName: node
  linkType: hard

"validate-npm-package-license@npm:^3.0.1":
  version: 3.0.4
  resolution: "validate-npm-package-license@npm:3.0.4"
  dependencies:
    spdx-correct: "npm:^3.0.0"
    spdx-expression-parse: "npm:^3.0.0"
  checksum: 10/86242519b2538bb8aeb12330edebb61b4eb37fd35ef65220ab0b03a26c0592c1c8a7300d32da3cde5abd08d18d95e8dabfad684b5116336f6de9e6f207eec224
  languageName: node
  linkType: hard

"which-module@npm:^1.0.0":
  version: 1.0.0
  resolution: "which-module@npm:1.0.0"
  checksum: 10/98434f7deb36350cb543c1f15612188541737e1f12d39b23b1c371dff5cf4aa4746210f2bdec202d5fe9da8682adaf8e3f7c44c520687d30948cfc59d5534edb
  languageName: node
  linkType: hard

"window-size@npm:^0.2.0":
  version: 0.2.0
  resolution: "window-size@npm:0.2.0"
  bin:
    window-size: cli.js
  checksum: 10/cff0af628e807f149221726a781552705a530f1ebbf9f31af7683102343573dbbaabb1ea624eb823fb8e7ffe4316b48c0bbb3d87c05625efea8320cde8bc1201
  languageName: node
  linkType: hard

"wrap-ansi@npm:^2.0.0":
  version: 2.1.0
  resolution: "wrap-ansi@npm:2.1.0"
  dependencies:
    string-width: "npm:^1.0.1"
    strip-ansi: "npm:^3.0.1"
  checksum: 10/cf66d33f62f2edf0aac52685da98194e47ddf4ceb81d9f98f294b46ffbbf8662caa72a905b343aeab8d6a16cade982be5fc45df99235b07f781ebf68f051ca98
  languageName: node
  linkType: hard

"y18n@npm:^3.2.1":
  version: 3.2.2
  resolution: "y18n@npm:3.2.2"
  checksum: 10/42ee58e321252ac87f85ccc7cee01c2e3e224737531e9e543963264194255132ce406e02993904b84ea974050d53b8959dcf9da695408553c32f2a8b4b59a667
  languageName: node
  linkType: hard

"yargs-parser@npm:^2.4.1":
  version: 2.4.1
  resolution: "yargs-parser@npm:2.4.1"
  dependencies:
    camelcase: "npm:^3.0.0"
    lodash.assign: "npm:^4.0.6"
  checksum: 10/d6621070fdf24b2eab6421e02a3c3f38c2256746c713e95b1132e40adbe86bc40a5c1476d7c785dd0b93c6fbf712275669170778587a917afd0084f009a6bd11
  languageName: node
  linkType: hard

"yargs@npm:^4.1.0":
  version: 4.8.1
  resolution: "yargs@npm:4.8.1"
  dependencies:
    cliui: "npm:^3.2.0"
    decamelize: "npm:^1.1.1"
    get-caller-file: "npm:^1.0.1"
    lodash.assign: "npm:^4.0.3"
    os-locale: "npm:^1.4.0"
    read-pkg-up: "npm:^1.0.1"
    require-directory: "npm:^2.1.1"
    require-main-filename: "npm:^1.0.1"
    set-blocking: "npm:^2.0.0"
    string-width: "npm:^1.0.1"
    which-module: "npm:^1.0.0"
    window-size: "npm:^0.2.0"
    y18n: "npm:^3.2.1"
    yargs-parser: "npm:^2.4.1"
  checksum: 10/d8fc064ab4c97ea0baf1bef0617204bc63824d007293c026a8108ecd7f9cdbba9f9cfa8aa96b5cfbb879649434dfe0113f5e4f71a920851ebef28e788e767e2a
  languageName: node
  linkType: hard
