# This file is generated by running "yarn install" inside your project.
# Manual changes might be lost - proceed with caution!

__metadata:
  version: 8
  cacheKey: 10c0

"ansi-regex@npm:^2.0.0":
  version: 2.1.1
  resolution: "ansi-regex@npm:2.1.1"
  checksum: 10c0/78cebaf50bce2cb96341a7230adf28d804611da3ce6bf338efa7b72f06cc6ff648e29f80cd95e582617ba58d5fdbec38abfeed3500a98bce8381a9daec7c548b
  languageName: node
  linkType: hard

"bundle-dependencies@npm:1.0.2":
  version: 1.0.2
  resolution: "bundle-dependencies@npm:1.0.2"
  dependencies:
    yargs: "npm:^4.1.0"
  bin:
    bundle-dependencies: ./dist/bin/index.js
  checksum: 10c0/1926785c55d2ce83706029ebc29175d730dc1cc3787dafb4712d8a96e777f24e31194b3f5337ec3ae99ecc18e86f6baab143cfe20c72f6b179f49973b5d37e5b
  languageName: node
  linkType: hard

"camelcase@npm:^3.0.0":
  version: 3.0.0
  resolution: "camelcase@npm:3.0.0"
  checksum: 10c0/98871bb40b936430beca49490d325759f8d8ade32bea538ee63c20b17b326abb6bbd3e1d84daf63d9332b2fc7637f28696bf76da59180b1247051b955cb1da12
  languageName: node
  linkType: hard

"cliui@npm:^3.2.0":
  version: 3.2.0
  resolution: "cliui@npm:3.2.0"
  dependencies:
    string-width: "npm:^1.0.1"
    strip-ansi: "npm:^3.0.1"
    wrap-ansi: "npm:^2.0.0"
  checksum: 10c0/07b121fac7fd33ff8dbf3523f0d3dca0329d4e457e57dee54502aa5f27a33cbd9e66aa3e248f0260d8a1431b65b2bad8f510cd97fb8ab6a8e0506310a92e18d5
  languageName: node
  linkType: hard

"code-point-at@npm:^1.0.0":
  version: 1.1.0
  resolution: "code-point-at@npm:1.1.0"
  checksum: 10c0/33f6b234084e46e6e369b6f0b07949392651b4dde70fc6a592a8d3dafa08d5bb32e3981a02f31f6fc323a26bc03a4c063a9d56834848695bda7611c2417ea2e6
  languageName: node
  linkType: hard

"decamelize@npm:^1.1.1":
  version: 1.2.0
  resolution: "decamelize@npm:1.2.0"
  checksum: 10c0/85c39fe8fbf0482d4a1e224ef0119db5c1897f8503bcef8b826adff7a1b11414972f6fef2d7dec2ee0b4be3863cf64ac1439137ae9e6af23a3d8dcbe26a5b4b2
  languageName: node
  linkType: hard

"demo-bundled-deps@workspace:.":
  version: 0.0.0-use.local
  resolution: "demo-bundled-deps@workspace:."
  dependencies:
    bundle-dependencies: "npm:1.0.2"
  languageName: unknown
  linkType: soft

"error-ex@npm:^1.2.0":
  version: 1.3.2
  resolution: "error-ex@npm:1.3.2"
  dependencies:
    is-arrayish: "npm:^0.2.1"
  checksum: 10c0/ba827f89369b4c93382cfca5a264d059dfefdaa56ecc5e338ffa58a6471f5ed93b71a20add1d52290a4873d92381174382658c885ac1a2305f7baca363ce9cce
  languageName: node
  linkType: hard

"find-up@npm:^1.0.0":
  version: 1.1.2
  resolution: "find-up@npm:1.1.2"
  dependencies:
    path-exists: "npm:^2.0.0"
    pinkie-promise: "npm:^2.0.0"
  checksum: 10c0/51e35c62d9b7efe82d7d5cce966bfe10c2eaa78c769333f8114627e3a8a4a4f50747f5f50bff50b1094cbc6527776f0d3b9ff74d3561ef714a5290a17c80c2bc
  languageName: node
  linkType: hard

"function-bind@npm:^1.1.2":
  version: 1.1.2
  resolution: "function-bind@npm:1.1.2"
  checksum: 10c0/d8680ee1e5fcd4c197e4ac33b2b4dce03c71f4d91717292785703db200f5c21f977c568d28061226f9b5900cbcd2c84463646134fd5337e7925e0942bc3f46d5
  languageName: node
  linkType: hard

"get-caller-file@npm:^1.0.1":
  version: 1.0.3
  resolution: "get-caller-file@npm:1.0.3"
  checksum: 10c0/763dcee2de8ff60ae7e13a4bad8306205a2fbe108e555686344ddd9ef211b8bebfe459d3a739669257014c59e7cc1e7a44003c21af805c1214673e6a45f06c51
  languageName: node
  linkType: hard

"graceful-fs@npm:^4.1.2":
  version: 4.2.11
  resolution: "graceful-fs@npm:4.2.11"
  checksum: 10c0/386d011a553e02bc594ac2ca0bd6d9e4c22d7fa8cfbfc448a6d148c59ea881b092db9dbe3547ae4b88e55f1b01f7c4a2ecc53b310c042793e63aa44cf6c257f2
  languageName: node
  linkType: hard

"hasown@npm:^2.0.0":
  version: 2.0.2
  resolution: "hasown@npm:2.0.2"
  dependencies:
    function-bind: "npm:^1.1.2"
  checksum: 10c0/3769d434703b8ac66b209a4cca0737519925bbdb61dd887f93a16372b14694c63ff4e797686d87c90f08168e81082248b9b028bad60d4da9e0d1148766f56eb9
  languageName: node
  linkType: hard

"hosted-git-info@npm:^2.1.4":
  version: 2.8.9
  resolution: "hosted-git-info@npm:2.8.9"
  checksum: 10c0/317cbc6b1bbbe23c2a40ae23f3dafe9fa349ce42a89a36f930e3f9c0530c179a3882d2ef1e4141a4c3674d6faaea862138ec55b43ad6f75e387fda2483a13c70
  languageName: node
  linkType: hard

"invert-kv@npm:^1.0.0":
  version: 1.0.0
  resolution: "invert-kv@npm:1.0.0"
  checksum: 10c0/9ccef12ada8494c56175cc0380b4cea18b6c0a368436f324a30e43a332db90bdfb83cd3a7987b71df359cdf931ce45b7daf35b677da56658565d61068e4bc20b
  languageName: node
  linkType: hard

"is-arrayish@npm:^0.2.1":
  version: 0.2.1
  resolution: "is-arrayish@npm:0.2.1"
  checksum: 10c0/e7fb686a739068bb70f860b39b67afc62acc62e36bb61c5f965768abce1873b379c563e61dd2adad96ebb7edf6651111b385e490cf508378959b0ed4cac4e729
  languageName: node
  linkType: hard

"is-core-module@npm:^2.13.0":
  version: 2.13.1
  resolution: "is-core-module@npm:2.13.1"
  dependencies:
    hasown: "npm:^2.0.0"
  checksum: 10c0/2cba9903aaa52718f11c4896dabc189bab980870aae86a62dc0d5cedb546896770ee946fb14c84b7adf0735f5eaea4277243f1b95f5cefa90054f92fbcac2518
  languageName: node
  linkType: hard

"is-fullwidth-code-point@npm:^1.0.0":
  version: 1.0.0
  resolution: "is-fullwidth-code-point@npm:1.0.0"
  dependencies:
    number-is-nan: "npm:^1.0.0"
  checksum: 10c0/12acfcf16142f2d431bf6af25d68569d3198e81b9799b4ae41058247aafcc666b0127d64384ea28e67a746372611fcbe9b802f69175287aba466da3eddd5ba0f
  languageName: node
  linkType: hard

"is-utf8@npm:^0.2.0":
  version: 0.2.1
  resolution: "is-utf8@npm:0.2.1"
  checksum: 10c0/3ed45e5b4ddfa04ed7e32c63d29c61b980ecd6df74698f45978b8c17a54034943bcbffb6ae243202e799682a66f90fef526f465dd39438745e9fe70794c1ef09
  languageName: node
  linkType: hard

"lcid@npm:^1.0.0":
  version: 1.0.0
  resolution: "lcid@npm:1.0.0"
  dependencies:
    invert-kv: "npm:^1.0.0"
  checksum: 10c0/87fb32196c3c80458778f34f71c042e114f3134a3c86c0d60ee9c94f0750e467d7ca0c005a5224ffd9d49a6e449b5e5c31e1544f1827765a0ba8747298f5980e
  languageName: node
  linkType: hard

"load-json-file@npm:^1.0.0":
  version: 1.1.0
  resolution: "load-json-file@npm:1.1.0"
  dependencies:
    graceful-fs: "npm:^4.1.2"
    parse-json: "npm:^2.2.0"
    pify: "npm:^2.0.0"
    pinkie-promise: "npm:^2.0.0"
    strip-bom: "npm:^2.0.0"
  checksum: 10c0/2a5344c2d88643735a938fdca8582c0504e1c290577faa74f56b9cc187fa443832709a15f36e5771f779ec0878215a03abc8faf97ec57bb86092ceb7e0caef22
  languageName: node
  linkType: hard

"lodash.assign@npm:^4.0.3, lodash.assign@npm:^4.0.6":
  version: 4.2.0
  resolution: "lodash.assign@npm:4.2.0"
  checksum: 10c0/77e9a28edcb41655e5f5b4b07ec55a5f9bbd6f020f64474acd66c94ce256ed26451f59e5eb421fc4e5ea79d3939a2e2b3a6abeaa0da47bfd1ccd64dfb21f89a0
  languageName: node
  linkType: hard

"normalize-package-data@npm:^2.3.2":
  version: 2.5.0
  resolution: "normalize-package-data@npm:2.5.0"
  dependencies:
    hosted-git-info: "npm:^2.1.4"
    resolve: "npm:^1.10.0"
    semver: "npm:2 || 3 || 4 || 5"
    validate-npm-package-license: "npm:^3.0.1"
  checksum: 10c0/357cb1646deb42f8eb4c7d42c4edf0eec312f3628c2ef98501963cc4bbe7277021b2b1d977f982b2edce78f5a1014613ce9cf38085c3df2d76730481357ca504
  languageName: node
  linkType: hard

"number-is-nan@npm:^1.0.0":
  version: 1.0.1
  resolution: "number-is-nan@npm:1.0.1"
  checksum: 10c0/cb97149006acc5cd512c13c1838223abdf202e76ddfa059c5e8e7507aff2c3a78cd19057516885a2f6f5b576543dc4f7b6f3c997cc7df53ae26c260855466df5
  languageName: node
  linkType: hard

"os-locale@npm:^1.4.0":
  version: 1.4.0
  resolution: "os-locale@npm:1.4.0"
  dependencies:
    lcid: "npm:^1.0.0"
  checksum: 10c0/302173159d562000ddf982ed75c493a0d861e91372c9e1b13aab21590ff2e1ba264a41995b29be8dc5278a6127ffcd2ad5591779e8164a570fc5fa6c0787b057
  languageName: node
  linkType: hard

"parse-json@npm:^2.2.0":
  version: 2.2.0
  resolution: "parse-json@npm:2.2.0"
  dependencies:
    error-ex: "npm:^1.2.0"
  checksum: 10c0/7a90132aa76016f518a3d5d746a21b3f1ad0f97a68436ed71b6f995b67c7151141f5464eea0c16c59aec9b7756519a0e3007a8f98cf3714632d509ec07736df6
  languageName: node
  linkType: hard

"path-exists@npm:^2.0.0":
  version: 2.1.0
  resolution: "path-exists@npm:2.1.0"
  dependencies:
    pinkie-promise: "npm:^2.0.0"
  checksum: 10c0/87352f1601c085d5a6eb202f60e5c016c1b790bd0bc09398af446ed3f5c4510b4531ff99cf8acac2d91868886e792927b4292f768b35a83dce12588fb7cbb46e
  languageName: node
  linkType: hard

"path-parse@npm:^1.0.7":
  version: 1.0.7
  resolution: "path-parse@npm:1.0.7"
  checksum: 10c0/11ce261f9d294cc7a58d6a574b7f1b935842355ec66fba3c3fd79e0f036462eaf07d0aa95bb74ff432f9afef97ce1926c720988c6a7451d8a584930ae7de86e1
  languageName: node
  linkType: hard

"path-type@npm:^1.0.0":
  version: 1.1.0
  resolution: "path-type@npm:1.1.0"
  dependencies:
    graceful-fs: "npm:^4.1.2"
    pify: "npm:^2.0.0"
    pinkie-promise: "npm:^2.0.0"
  checksum: 10c0/2b8c348cb52bbc0c0568afa10a0a5d8f6233adfe5ae75feb56064f6aed6324ab74185c61c2545f4e52ca08acdc76005f615da4e127ed6eecb866002cf491f350
  languageName: node
  linkType: hard

"pify@npm:^2.0.0":
  version: 2.3.0
  resolution: "pify@npm:2.3.0"
  checksum: 10c0/551ff8ab830b1052633f59cb8adc9ae8407a436e06b4a9718bcb27dc5844b83d535c3a8512b388b6062af65a98c49bdc0dd523d8b2617b188f7c8fee457158dc
  languageName: node
  linkType: hard

"pinkie-promise@npm:^2.0.0":
  version: 2.0.1
  resolution: "pinkie-promise@npm:2.0.1"
  dependencies:
    pinkie: "npm:^2.0.0"
  checksum: 10c0/11b5e5ce2b090c573f8fad7b517cbca1bb9a247587306f05ae71aef6f9b2cd2b923c304aa9663c2409cfde27b367286179f1379bc4ec18a3fbf2bb0d473b160a
  languageName: node
  linkType: hard

"pinkie@npm:^2.0.0":
  version: 2.0.4
  resolution: "pinkie@npm:2.0.4"
  checksum: 10c0/25228b08b5597da42dc384221aa0ce56ee0fbf32965db12ba838e2a9ca0193c2f0609c45551ee077ccd2060bf109137fdb185b00c6d7e0ed7e35006d20fdcbc6
  languageName: node
  linkType: hard

"read-pkg-up@npm:^1.0.1":
  version: 1.0.1
  resolution: "read-pkg-up@npm:1.0.1"
  dependencies:
    find-up: "npm:^1.0.0"
    read-pkg: "npm:^1.0.0"
  checksum: 10c0/36c4fc8bd73edf77a4eeb497b6e43010819ea4aef64cbf8e393439fac303398751c5a299feab84e179a74507e3a1416e1ed033a888b1dac3463bf46d1765f7ac
  languageName: node
  linkType: hard

"read-pkg@npm:^1.0.0":
  version: 1.1.0
  resolution: "read-pkg@npm:1.1.0"
  dependencies:
    load-json-file: "npm:^1.0.0"
    normalize-package-data: "npm:^2.3.2"
    path-type: "npm:^1.0.0"
  checksum: 10c0/51fce9f7066787dc7688ea7014324cedeb9f38daa7dace4f1147d526f22354a07189ef728710bc97e27fcf5ed3a03b68ad8b60afb4251984640b6f09c180d572
  languageName: node
  linkType: hard

"require-directory@npm:^2.1.1":
  version: 2.1.1
  resolution: "require-directory@npm:2.1.1"
  checksum: 10c0/83aa76a7bc1531f68d92c75a2ca2f54f1b01463cb566cf3fbc787d0de8be30c9dbc211d1d46be3497dac5785fe296f2dd11d531945ac29730643357978966e99
  languageName: node
  linkType: hard

"require-main-filename@npm:^1.0.1":
  version: 1.0.1
  resolution: "require-main-filename@npm:1.0.1"
  checksum: 10c0/1ab87efb72a0e223a667154e92f29ca753fd42eb87f22db142b91c86d134e29ecf18af929111ccd255fd340b57d84a9d39489498d8dfd5136b300ded30a5f0b6
  languageName: node
  linkType: hard

"resolve@npm:^1.10.0":
  version: 1.22.8
  resolution: "resolve@npm:1.22.8"
  dependencies:
    is-core-module: "npm:^2.13.0"
    path-parse: "npm:^1.0.7"
    supports-preserve-symlinks-flag: "npm:^1.0.0"
  bin:
    resolve: bin/resolve
  checksum: 10c0/07e179f4375e1fd072cfb72ad66d78547f86e6196c4014b31cb0b8bb1db5f7ca871f922d08da0fbc05b94e9fd42206f819648fa3b5b873ebbc8e1dc68fec433a
  languageName: node
  linkType: hard

"resolve@patch:resolve@npm%3A^1.10.0#optional!builtin<compat/resolve>":
  version: 1.22.8
  resolution: "resolve@patch:resolve@npm%3A1.22.8#optional!builtin<compat/resolve>::version=1.22.8&hash=c3c19d"
  dependencies:
    is-core-module: "npm:^2.13.0"
    path-parse: "npm:^1.0.7"
    supports-preserve-symlinks-flag: "npm:^1.0.0"
  bin:
    resolve: bin/resolve
  checksum: 10c0/0446f024439cd2e50c6c8fa8ba77eaa8370b4180f401a96abf3d1ebc770ac51c1955e12764cde449fde3fff480a61f84388e3505ecdbab778f4bef5f8212c729
  languageName: node
  linkType: hard

"semver@npm:2 || 3 || 4 || 5":
  version: 5.7.2
  resolution: "semver@npm:5.7.2"
  bin:
    semver: bin/semver
  checksum: 10c0/e4cf10f86f168db772ae95d86ba65b3fd6c5967c94d97c708ccb463b778c2ee53b914cd7167620950fc07faf5a564e6efe903836639e512a1aa15fbc9667fa25
  languageName: node
  linkType: hard

"set-blocking@npm:^2.0.0":
  version: 2.0.0
  resolution: "set-blocking@npm:2.0.0"
  checksum: 10c0/9f8c1b2d800800d0b589de1477c753492de5c1548d4ade52f57f1d1f5e04af5481554d75ce5e5c43d4004b80a3eb714398d6907027dc0534177b7539119f4454
  languageName: node
  linkType: hard

"spdx-correct@npm:^3.0.0":
  version: 3.2.0
  resolution: "spdx-correct@npm:3.2.0"
  dependencies:
    spdx-expression-parse: "npm:^3.0.0"
    spdx-license-ids: "npm:^3.0.0"
  checksum: 10c0/49208f008618b9119208b0dadc9208a3a55053f4fd6a0ae8116861bd22696fc50f4142a35ebfdb389e05ccf2de8ad142573fefc9e26f670522d899f7b2fe7386
  languageName: node
  linkType: hard

"spdx-exceptions@npm:^2.1.0":
  version: 2.5.0
  resolution: "spdx-exceptions@npm:2.5.0"
  checksum: 10c0/37217b7762ee0ea0d8b7d0c29fd48b7e4dfb94096b109d6255b589c561f57da93bf4e328c0290046115961b9209a8051ad9f525e48d433082fc79f496a4ea940
  languageName: node
  linkType: hard

"spdx-expression-parse@npm:^3.0.0":
  version: 3.0.1
  resolution: "spdx-expression-parse@npm:3.0.1"
  dependencies:
    spdx-exceptions: "npm:^2.1.0"
    spdx-license-ids: "npm:^3.0.0"
  checksum: 10c0/6f8a41c87759fa184a58713b86c6a8b028250f158159f1d03ed9d1b6ee4d9eefdc74181c8ddc581a341aa971c3e7b79e30b59c23b05d2436d5de1c30bdef7171
  languageName: node
  linkType: hard

"spdx-license-ids@npm:^3.0.0":
  version: 3.0.17
  resolution: "spdx-license-ids@npm:3.0.17"
  checksum: 10c0/ddf9477b5afc70f1a7d3bf91f0b8e8a1c1b0fa65d2d9a8b5c991b1a2ba91b693d8b9749700119d5ce7f3fbf307ac421087ff43d321db472605e98a5804f80eac
  languageName: node
  linkType: hard

"string-width@npm:^1.0.1":
  version: 1.0.2
  resolution: "string-width@npm:1.0.2"
  dependencies:
    code-point-at: "npm:^1.0.0"
    is-fullwidth-code-point: "npm:^1.0.0"
    strip-ansi: "npm:^3.0.0"
  checksum: 10c0/c558438baed23a9ab9370bb6a939acbdb2b2ffc517838d651aad0f5b2b674fb85d460d9b1d0b6a4c210dffd09e3235222d89a5bd4c0c1587f78b2bb7bc00c65e
  languageName: node
  linkType: hard

"strip-ansi@npm:^3.0.0, strip-ansi@npm:^3.0.1":
  version: 3.0.1
  resolution: "strip-ansi@npm:3.0.1"
  dependencies:
    ansi-regex: "npm:^2.0.0"
  checksum: 10c0/f6e7fbe8e700105dccf7102eae20e4f03477537c74b286fd22cfc970f139002ed6f0d9c10d0e21aa9ed9245e0fa3c9275930e8795c5b947da136e4ecb644a70f
  languageName: node
  linkType: hard

"strip-bom@npm:^2.0.0":
  version: 2.0.0
  resolution: "strip-bom@npm:2.0.0"
  dependencies:
    is-utf8: "npm:^0.2.0"
  checksum: 10c0/4fcbb248af1d5c1f2d710022b7d60245077e7942079bfb7ef3fc8c1ae78d61e96278525ba46719b15ab12fced5c7603777105bc898695339d7c97c64d300ed0b
  languageName: node
  linkType: hard

"supports-preserve-symlinks-flag@npm:^1.0.0":
  version: 1.0.0
  resolution: "supports-preserve-symlinks-flag@npm:1.0.0"
  checksum: 10c0/6c4032340701a9950865f7ae8ef38578d8d7053f5e10518076e6554a9381fa91bd9c6850193695c141f32b21f979c985db07265a758867bac95de05f7d8aeb39
  languageName: node
  linkType: hard

"validate-npm-package-license@npm:^3.0.1":
  version: 3.0.4
  resolution: "validate-npm-package-license@npm:3.0.4"
  dependencies:
    spdx-correct: "npm:^3.0.0"
    spdx-expression-parse: "npm:^3.0.0"
  checksum: 10c0/7b91e455a8de9a0beaa9fe961e536b677da7f48c9a493edf4d4d4a87fd80a7a10267d438723364e432c2fcd00b5650b5378275cded362383ef570276e6312f4f
  languageName: node
  linkType: hard

"which-module@npm:^1.0.0":
  version: 1.0.0
  resolution: "which-module@npm:1.0.0"
  checksum: 10c0/ce5088fb12dae0b6d5997b6221342943ff6275c3b2cd9c569f04ec23847c71013d254c6127d531010dccc22c0fc0f8dce2b6ecf6898941a60b576adb2018af22
  languageName: node
  linkType: hard

"window-size@npm:^0.2.0":
  version: 0.2.0
  resolution: "window-size@npm:0.2.0"
  bin:
    window-size: cli.js
  checksum: 10c0/378c9d7a1c903ca57f08db40dd8960252f566910ea9dea6d8552e9d61cebe9e536dcabc1b5a6edb776eebe8e5bcbcfb5b27ba13fe128625bc2033516acdc95cc
  languageName: node
  linkType: hard

"wrap-ansi@npm:^2.0.0":
  version: 2.1.0
  resolution: "wrap-ansi@npm:2.1.0"
  dependencies:
    string-width: "npm:^1.0.1"
    strip-ansi: "npm:^3.0.1"
  checksum: 10c0/1a47367eef192fc9ecaf00238bad5de8987c3368082b619ab36c5e2d6d7b0a2aef95a2ca65840be598c56ced5090a3ba487956c7aee0cac7c45017502fa980fb
  languageName: node
  linkType: hard

"y18n@npm:^3.2.1":
  version: 3.2.2
  resolution: "y18n@npm:3.2.2"
  checksum: 10c0/08dc1880f6f766057ed25cd61ef0c7dab3db93639db9a7487a84f75dac7a349dface8dff8d1d8b7bdf50969fcd69ab858ab26b06968b4e4b12ee60d195233c46
  languageName: node
  linkType: hard

"yargs-parser@npm:^2.4.1":
  version: 2.4.1
  resolution: "yargs-parser@npm:2.4.1"
  dependencies:
    camelcase: "npm:^3.0.0"
    lodash.assign: "npm:^4.0.6"
  checksum: 10c0/746ba04072029ad4ce3b0aae4805810e5bbbf5ac762a3ff35ee25b3bb8eaf61acc0c3bddd0fab0ab8f902d806d750757917e6a5d5e1a267ed38cab3c32ac14d5
  languageName: node
  linkType: hard

"yargs@npm:^4.1.0":
  version: 4.8.1
  resolution: "yargs@npm:4.8.1"
  dependencies:
    cliui: "npm:^3.2.0"
    decamelize: "npm:^1.1.1"
    get-caller-file: "npm:^1.0.1"
    lodash.assign: "npm:^4.0.3"
    os-locale: "npm:^1.4.0"
    read-pkg-up: "npm:^1.0.1"
    require-directory: "npm:^2.1.1"
    require-main-filename: "npm:^1.0.1"
    set-blocking: "npm:^2.0.0"
    string-width: "npm:^1.0.1"
    which-module: "npm:^1.0.0"
    window-size: "npm:^0.2.0"
    y18n: "npm:^3.2.1"
    yargs-parser: "npm:^2.4.1"
  checksum: 10c0/7e183a1d96192d6a681ea9587052d7c2019c01cccb1ac24877a4f0fd948fb4b72eff474c21226c41dc1123128ecba29a26d46a9d022e8456efa0d600d96a70b9
  languageName: node
  linkType: hard
