# This file is generated by running "yarn install" inside your project.
# Manual changes might be lost - proceed with caution!

__metadata:
  version: 8
  cacheKey: 10c0

"@std/semver@npm:@jsr/std__semver@^0.224.0":
  version: 0.224.0
  resolution: "@jsr/std__semver@npm:0.224.0::__archiveUrl=https%3A%2F%2Fnpm.jsr.io%2F~%2F11%2F%40jsr%2Fstd__semver%2F0.224.0.tgz"
  checksum: 10c0/0d0c246bf84d646e4fe0a8bede557aa2fbb9caf31aabdb8659800f96730e5e2435855d086051c76a237185a0f9899739ef1bd8675ab5a9eec3315a2280ada769
  languageName: node
  linkType: hard

"demo-alternative-package-registry@workspace:.":
  version: 0.0.0-use.local
  resolution: "demo-alternative-package-registry@workspace:."
  dependencies:
    "@std/semver": "npm:@jsr/std__semver@^0.224.0"
  languageName: unknown
  linkType: soft
