# This file is generated by running "yarn install" inside your project.
# Manual changes might be lost - proceed with caution!

__metadata:
  version: 8
  cacheKey: 10

"@act/act@npm:@jsr/act__act@^0.1.3":
  version: 0.1.3
  resolution: "@jsr/act__act@npm:0.1.3::__archiveUrl=https%3A%2F%2Fnpm.jsr.io%2F~%2F11%2F%40jsr%2Fact__act%2F0.1.3.tgz"
  checksum: 10/24387c0e10768be8b6f55c7e215210915b6f4aefe89feb6434d8c5238bf7eb1630186f710a0ca0a4a03ef12de95025bab719ea27400ae3a9c4bd224858239ad9
  languageName: node
  linkType: hard

"demo-alternative-package-registry@workspace:.":
  version: 0.0.0-use.local
  resolution: "demo-alternative-package-registry@workspace:."
  dependencies:
    "@act/act": "npm:@jsr/act__act@^0.1.3"
  languageName: unknown
  linkType: soft
