# This file is generated by running "yarn install" inside your project.
# Manual changes might be lost - proceed with caution!

__metadata:
  version: 8
  cacheKey: 10c0

"git-protocol-dependency@workspace:.":
  version: 0.0.0-use.local
  resolution: "git-protocol-dependency@workspace:."
  dependencies:
    typanion: "git+https://github.com/arcanis/typanion.git"
  languageName: unknown
  linkType: soft

"typanion@git+https://github.com/arcanis/typanion.git":
  version: 3.14.0
  resolution: "typanion@https://github.com/arcanis/typanion.git#commit=ab9f045afc697c998aff66992ad48cb8ba3478a4"
  checksum: 10c0/efe63448047e5d852a9e50196bbe186376a9578f7b6d5e2b465fbb21cd97744b51af1bbd8fddf3cd2a08b55733fedb103281b2f96aefd68e2be969bd797e2074
  languageName: node
  linkType: hard
