# This file is generated by running "yarn install" inside your project.
# Manual changes might be lost - proceed with caution!

__metadata:
  version: 9
  cacheKey: 10c0

"demo-workspace-peer-dev-dependencies-child@workspace:*, demo-workspace-peer-dev-dependencies-child@workspace:packages/child":
  version: 0.0.0-use.local
  resolution: "demo-workspace-peer-dev-dependencies-child@workspace:packages/child"
  dependencies:
    is-number: "npm:^7"
    use-sync-external-store: "npm:^1"
  peerDependencies:
    react: ^19
  languageName: unknown
  linkType: soft

"demo-workspace-peer-dev-dependencies@workspace:.":
  version: 0.0.0-use.local
  resolution: "demo-workspace-peer-dev-dependencies@workspace:."
  dependencies:
    demo-workspace-peer-dev-dependencies-child: "workspace:*"
    react: "npm:^19"
  languageName: unknown
  linkType: soft

"is-number@npm:^7":
  version: 7.0.0
  resolution: "is-number@npm:7.0.0"
  checksum: 10c0/b4686d0d3053146095ccd45346461bc8e53b80aeb7671cc52a4de02dbbf7dc0d1d2a986e2fe4ae206984b4d34ef37e8b795ebc4f4295c978373e6575e295d811
  languageName: node
  linkType: hard

"react@npm:^19":
  version: 19.2.8
  resolution: "react@npm:19.2.8"
  checksum: 10c0/5f86bdb56426652fd6d989d30a6f2e603c057272c47c9ca3a3fbe190a3a39ee9ccce937d63cfc039717abed1b8891d6a499134bc35311acc07eafdacd86537cd
  languageName: node
  linkType: hard

"use-sync-external-store@npm:^1":
  version: 1.6.0
  resolution: "use-sync-external-store@npm:1.6.0"
  peerDependencies:
    react: ^16.8.0 || ^17.0.0 || ^18.0.0 || ^19.0.0
  checksum: 10c0/35e1179f872a53227bdf8a827f7911da4c37c0f4091c29b76b1e32473d1670ebe7bcd880b808b7549ba9a5605c233350f800ffab963ee4a4ee346ee983b6019b
  languageName: node
  linkType: hard
