# This file is generated by running "yarn install" inside your project.
# Manual changes might be lost - proceed with caution!

__metadata:
  version: 9
  cacheKey: 10c0

"demo-workspaces@workspace:.":
  version: 0.0.0-use.local
  resolution: "demo-workspaces@workspace:."
  dependencies:
    is-alphanumerical: "npm:^2"
    is-bigint: "npm:^1"
    is-decimal: "npm:^2"
    is-stream: "npm:^4"
    my-local-a: "workspace:*"
    with-dev-deps: "workspace:*"
    with-peer-deps: "workspace:*"
    with-runtime-deps: "workspace:*"
  languageName: unknown
  linkType: soft

"has-bigints@npm:^1.0.2":
  version: 1.1.0
  resolution: "has-bigints@npm:1.1.0"
  checksum: 10c0/2de0cdc4a1ccf7a1e75ffede1876994525ac03cc6f5ae7392d3415dd475cd9eee5bceec63669ab61aa997ff6cceebb50ef75561c7002bed8988de2b9d1b40788
  languageName: node
  linkType: hard

"is-alphabetical@npm:^2.0.0":
  version: 2.0.1
  resolution: "is-alphabetical@npm:2.0.1"
  checksum: 10c0/932367456f17237533fd1fc9fe179df77957271020b83ea31da50e5cc472d35ef6b5fb8147453274ffd251134472ce24eb6f8d8398d96dee98237cdb81a6c9a7
  languageName: node
  linkType: hard

"is-alphanumerical@npm:^2":
  version: 2.0.1
  resolution: "is-alphanumerical@npm:2.0.1"
  dependencies:
    is-alphabetical: "npm:^2.0.0"
    is-decimal: "npm:^2.0.0"
  checksum: 10c0/4b35c42b18e40d41378293f82a3ecd9de77049b476f748db5697c297f686e1e05b072a6aaae2d16f54d2a57f85b00cbbe755c75f6d583d1c77d6657bd0feb5a2
  languageName: node
  linkType: hard

"is-bigint@npm:^1":
  version: 1.1.0
  resolution: "is-bigint@npm:1.1.0"
  dependencies:
    has-bigints: "npm:^1.0.2"
  checksum: 10c0/f4f4b905ceb195be90a6ea7f34323bf1c18e3793f18922e3e9a73c684c29eeeeff5175605c3a3a74cc38185fe27758f07efba3dbae812e5c5afbc0d2316b40e4
  languageName: node
  linkType: hard

"is-decimal@npm:^2, is-decimal@npm:^2.0.0":
  version: 2.0.1
  resolution: "is-decimal@npm:2.0.1"
  checksum: 10c0/8085dd66f7d82f9de818fba48b9e9c0429cb4291824e6c5f2622e96b9680b54a07a624cfc663b24148b8e853c62a1c987cfe8b0b5a13f5156991afaf6736e334
  languageName: node
  linkType: hard

"is-hexadecimal@npm:^2":
  version: 2.0.1
  resolution: "is-hexadecimal@npm:2.0.1"
  checksum: 10c0/3eb60fe2f1e2bbc760b927dcad4d51eaa0c60138cf7fc671803f66353ad90c301605b502c7ea4c6bb0548e1c7e79dfd37b73b632652e3b76030bba603a7e9626
  languageName: node
  linkType: hard

"is-number@npm:^7":
  version: 7.0.0
  resolution: "is-number@npm:7.0.0"
  checksum: 10c0/b4686d0d3053146095ccd45346461bc8e53b80aeb7671cc52a4de02dbbf7dc0d1d2a986e2fe4ae206984b4d34ef37e8b795ebc4f4295c978373e6575e295d811
  languageName: node
  linkType: hard

"is-stream@npm:^4":
  version: 4.0.1
  resolution: "is-stream@npm:4.0.1"
  checksum: 10c0/2706c7f19b851327ba374687bc4a3940805e14ca496dc672b9629e744d143b1ad9c6f1b162dece81c7bfbc0f83b32b61ccc19ad2e05aad2dd7af347408f60c7f
  languageName: node
  linkType: hard

"my-local-a@workspace:*, my-local-a@workspace:workspaces/my-local-a":
  version: 0.0.0-use.local
  resolution: "my-local-a@workspace:workspaces/my-local-a"
  dependencies:
    my-local-b-off: "workspace:*"
  languageName: unknown
  linkType: soft

"my-local-b-off@workspace:*, my-local-b-off@workspace:workspaces/my-local-b":
  version: 0.0.0-use.local
  resolution: "my-local-b-off@workspace:workspaces/my-local-b"
  languageName: unknown
  linkType: soft

"my-local-c@workspace:workspaces/my-local":
  version: 0.0.0-use.local
  resolution: "my-local-c@workspace:workspaces/my-local"
  dependencies:
    my-local-a: "workspace:*"
    my-local-b-off: "workspace:*"
  languageName: unknown
  linkType: soft

"with-dev-deps@workspace:*, with-dev-deps@workspace:workspaces/with-dev-deps":
  version: 0.0.0-use.local
  resolution: "with-dev-deps@workspace:workspaces/with-dev-deps"
  dependencies:
    is-decimal: "npm:^2"
    is-number: "npm:^7"
    is-stream: "npm:^4"
  languageName: unknown
  linkType: soft

"with-peer-deps@workspace:*, with-peer-deps@workspace:workspaces/with-peer-deps":
  version: 0.0.0-use.local
  resolution: "with-peer-deps@workspace:workspaces/with-peer-deps"
  peerDependencies:
    is-bigint: ^1
  languageName: unknown
  linkType: soft

"with-runtime-deps@workspace:*, with-runtime-deps@workspace:workspaces/with-runtime-deps":
  version: 0.0.0-use.local
  resolution: "with-runtime-deps@workspace:workspaces/with-runtime-deps"
  dependencies:
    is-alphanumerical: "npm:^2"
    is-hexadecimal: "npm:^2"
  languageName: unknown
  linkType: soft
