# This file is generated by running "yarn install" inside your project.
# Manual changes might be lost - proceed with caution!

__metadata:
  version: 8
  cacheKey: 10c0

"demo-workspaces@workspace:.":
  version: 0.0.0-use.local
  resolution: "demo-workspaces@workspace:."
  dependencies:
    my-local-a: "workspace:*"
  languageName: unknown
  linkType: soft

"my-local-a@workspace:*, my-local-a@workspace:workspaces/my-local-a":
  version: 0.0.0-use.local
  resolution: "my-local-a@workspace:workspaces/my-local-a"
  dependencies:
    my-local-b-off: "workspace:*"
  languageName: unknown
  linkType: soft

"my-local-b-off@workspace:*, my-local-b-off@workspace:workspaces/my-local-b":
  version: 0.0.0-use.local
  resolution: "my-local-b-off@workspace:workspaces/my-local-b"
  languageName: unknown
  linkType: soft

"my-local-c@workspace:workspaces/my-local":
  version: 0.0.0-use.local
  resolution: "my-local-c@workspace:workspaces/my-local"
  dependencies:
    my-local-a: "workspace:*"
    my-local-b-off: "workspace:*"
  languageName: unknown
  linkType: soft
