# This file is generated by running "yarn install" inside your project.
# Manual changes might be lost - proceed with caution!

__metadata:
  version: 8
  cacheKey: 10c0

"concurrent-peer-deps@workspace:.":
  version: 0.0.0-use.local
  resolution: "concurrent-peer-deps@workspace:."
  dependencies:
    provides-peer-100: "portal:packages/provides-peer-100"
    provides-peer-107: "portal:packages/provides-peer-107"
  languageName: unknown
  linkType: soft

"has-peer@portal:../has-peer/::locator=provides-peer-100%40portal%3Apackages%2Fprovides-peer-100%3A%3Alocator%3Dconcurrent-peer-deps%2540workspace%253A.":
  version: 0.0.0-use.local
  resolution: "has-peer@portal:../has-peer/::locator=provides-peer-100%40portal%3Apackages%2Fprovides-peer-100%3A%3Alocator%3Dconcurrent-peer-deps%2540workspace%253A."
  peerDependencies:
    is-string: ^1
  languageName: node
  linkType: soft

"has-peer@portal:../has-peer/::locator=provides-peer-107%40portal%3Apackages%2Fprovides-peer-107%3A%3Alocator%3Dconcurrent-peer-deps%2540workspace%253A.":
  version: 0.0.0-use.local
  resolution: "has-peer@portal:../has-peer/::locator=provides-peer-107%40portal%3Apackages%2Fprovides-peer-107%3A%3Alocator%3Dconcurrent-peer-deps%2540workspace%253A."
  peerDependencies:
    is-string: ^1
  languageName: node
  linkType: soft

"has-symbols@npm:^1.0.3":
  version: 1.0.3
  resolution: "has-symbols@npm:1.0.3"
  checksum: 10c0/e6922b4345a3f37069cdfe8600febbca791c94988c01af3394d86ca3360b4b93928bbf395859158f88099cb10b19d98e3bbab7c9ff2c1bd09cf665ee90afa2c3
  languageName: node
  linkType: hard

"has-tostringtag@npm:^1.0.0":
  version: 1.0.2
  resolution: "has-tostringtag@npm:1.0.2"
  dependencies:
    has-symbols: "npm:^1.0.3"
  checksum: 10c0/a8b166462192bafe3d9b6e420a1d581d93dd867adb61be223a17a8d6dad147aa77a8be32c961bb2f27b3ef893cae8d36f564ab651f5e9b7938ae86f74027c48c
  languageName: node
  linkType: hard

"is-string@npm:1.0.0":
  version: 1.0.0
  resolution: "is-string@npm:1.0.0"
  checksum: 10c0/7924e64370497ae5ae34f7f791f6d0f1caae76f46f6bfcd8aba5c44e4113870eb0a7b2d864b03c5a39ed19fb7c7492d0aa6c643669812859969b8dafdc479e34
  languageName: node
  linkType: hard

"is-string@npm:1.0.7":
  version: 1.0.7
  resolution: "is-string@npm:1.0.7"
  dependencies:
    has-tostringtag: "npm:^1.0.0"
  checksum: 10c0/905f805cbc6eedfa678aaa103ab7f626aac9ebbdc8737abb5243acaa61d9820f8edc5819106b8fcd1839e33db21de9f0116ae20de380c8382d16dc2a601921f6
  languageName: node
  linkType: hard

"provides-peer-100@portal:packages/provides-peer-100::locator=concurrent-peer-deps%40workspace%3A.":
  version: 0.0.0-use.local
  resolution: "provides-peer-100@portal:packages/provides-peer-100::locator=concurrent-peer-deps%40workspace%3A."
  dependencies:
    has-peer: "portal:../has-peer/"
    is-string: "npm:1.0.0"
  languageName: node
  linkType: soft

"provides-peer-107@portal:packages/provides-peer-107::locator=concurrent-peer-deps%40workspace%3A.":
  version: 0.0.0-use.local
  resolution: "provides-peer-107@portal:packages/provides-peer-107::locator=concurrent-peer-deps%40workspace%3A."
  dependencies:
    has-peer: "portal:../has-peer/"
    is-string: "npm:1.0.7"
  languageName: node
  linkType: soft
