# This file is generated by running "yarn install" inside your project.
# Manual changes might be lost - proceed with caution!

__metadata:
  version: 8
  cacheKey: 10c0

"is-positive@npm:^3.1.0":
  version: 3.1.0
  resolution: "is-positive@npm:3.1.0"
  checksum: 10c0/0eca66aeeb63a43e3868cbd0d1c2456d2187510bba84d8745d34e7bf69765004abed65f4d0083143d08ae1f40739407050910693bf23c082b1c4d0a06f7baf4b
  languageName: node
  linkType: hard

"package-lock-only-testbed@workspace:.":
  version: 0.0.0-use.local
  resolution: "package-lock-only-testbed@workspace:."
  dependencies:
    is-positive: "npm:^3.1.0"
  languageName: unknown
  linkType: soft
