# This file is generated by running "yarn install" inside your project.
# Manual changes might be lost - proceed with caution!

__metadata:
  version: 8
  cacheKey: 10

"@cyclonedx/testing-yarn3-zeroinstall@workspace:.":
  version: 0.0.0-use.local
  resolution: "@cyclonedx/testing-yarn3-zeroinstall@workspace:."
  dependencies:
    is-sorted: "npm:^1"
  languageName: unknown
  linkType: soft

"is-sorted@npm:^1":
  version: 1.0.5
  resolution: "is-sorted@npm:1.0.5"
  checksum: 10/a08c607348ba851a8c99c234c2589adac4efcf7ff89b597128fb9fde972aa2dc74e16f3dfab0d22ca179f024c95caf1c2068701fb2c73206744cae61415b0ea2
  languageName: node
  linkType: hard
