# This file is generated by running "yarn install" inside your project.
# Manual changes might be lost - proceed with caution!

__metadata:
  version: 4
  cacheKey: 7

"@cyclonedx/testing-yarn2-zeroinstall@workspace:.":
  version: 0.0.0-use.local
  resolution: "@cyclonedx/testing-yarn2-zeroinstall@workspace:."
  dependencies:
    is-sorted: ^1
  languageName: unknown
  linkType: soft

"is-sorted@npm:^1":
  version: 1.0.5
  resolution: "is-sorted@npm:1.0.5"
  checksum: 0bc988ad71a59d27883418df46b0becf27ce96692818cf7e3077f8e8f689f146a122f46f02679647d1d41529238eae684f0db41973cf2839249042795772c102
  languageName: node
  linkType: hard
