# This file is generated by running "yarn install" inside your project.
# Manual changes might be lost - proceed with caution!

__metadata:
  version: 4
  cacheKey: 7

"@cyclonedx/testing-yarn2-zeroinstall@workspace:.":
  version: 0.0.0-use.local
  resolution: "@cyclonedx/testing-yarn2-zeroinstall@workspace:."
  dependencies:
    in-array: ^0.1.2
    is-sorted: ^1
  languageName: unknown
  linkType: soft

"in-array@npm:^0.1.2":
  version: 0.1.2
  resolution: "in-array@npm:0.1.2"
  checksum: 6b7efbd819092fe5698671577b5111c6cbe5dd9b7a7720080845c98e71e346d1f52fa28fc3668cca69150a08e1ccd32a6704d310e4f849478af2fe2850cf1cbc
  languageName: node
  linkType: hard

"is-sorted@npm:^1":
  version: 1.0.5
  resolution: "is-sorted@npm:1.0.5"
  checksum: 0bc988ad71a59d27883418df46b0becf27ce96692818cf7e3077f8e8f689f146a122f46f02679647d1d41529238eae684f0db41973cf2839249042795772c102
  languageName: node
  linkType: hard
