# This file is generated by running "yarn install" inside your project.
# Manual changes might be lost - proceed with caution!

__metadata:
  version: 9
  cacheKey: 10c0

"@cyclonedx/cyclonedx-library@npm:^10.1.1":
  version: 10.1.1
  resolution: "@cyclonedx/cyclonedx-library@npm:10.1.1"
  peerDependencies:
    ajv: ^8.12.0
    ajv-formats: ^3.0.1
    ajv-formats-draft2019: ^1.6.1
    libxmljs2: ^0.35||^0.37
    packageurl-js: "*"
    spdx-expression-parse: "*"
    xmlbuilder2: ^3.0.2||^4.0.0
  peerDependenciesMeta:
    ajv:
      optional: true
    ajv-formats:
      optional: true
    ajv-formats-draft2019:
      optional: true
    libxmljs2:
      optional: true
    packageurl-js:
      optional: true
    spdx-expression-parse:
      optional: true
    xmlbuilder2:
      optional: true
  checksum: 10c0/da38a016103e963c31aea7bb5d9d9ad2b2a69d8c3409705633b2379675c90141630c9580b6a01c17c2874a672698a0029b4320aed7b1377f4950ef0e526ec34d
  languageName: node
  linkType: hard

"@types/chalk-animation@npm:^1.6.3":
  version: 1.6.3
  resolution: "@types/chalk-animation@npm:1.6.3"
  checksum: 10c0/9b708e71067abf9dd6fdfcc56b66b09f9618f53f34e2e06da8b48fea2f0f40b4a17f66334a1d379aed1f9ad976efcfb8ef621b4388de2f42fa4008a6ad4c2d8e
  languageName: node
  linkType: hard

"is-positive@npm:^3.1.0":
  version: 3.1.0
  resolution: "is-positive@npm:3.1.0"
  checksum: 10c0/0eca66aeeb63a43e3868cbd0d1c2456d2187510bba84d8745d34e7bf69765004abed65f4d0083143d08ae1f40739407050910693bf23c082b1c4d0a06f7baf4b
  languageName: node
  linkType: hard

"lockfile-only-testbed@workspace:.":
  version: 0.0.0-use.local
  resolution: "lockfile-only-testbed@workspace:."
  dependencies:
    "@cyclonedx/cyclonedx-library": "npm:^10.1.1"
    "@types/chalk-animation": "npm:^1.6.3"
    is-positive: "npm:^3.1.0"
  languageName: unknown
  linkType: soft
